
Microsoft Visual Studio Solution File, Format Version 12.00
# Visual Studio Version 17
VisualStudioVersion = 17.13.35818.85 d17.13
MinimumVisualStudioVersion = 10.0.40219.1
Project("{FAE04EC0-301F-11D3-BF4B-00C04F79EFBC}") = "Planirovshik", "Planirovshik\Planirovshik.csproj", "{54530E37-09FD-49D5-BB36-0CA0B0E2C34B}"
EndProject
Global
	GlobalSection(SolutionConfigurationPlatforms) = preSolution
		Debug|Any CPU = Debug|Any CPU
		Release|Any CPU = Release|Any CPU
	EndGlobalSection
	GlobalSection(ProjectConfigurationPlatforms) = postSolution
		{54530E37-09FD-49D5-BB36-0CA0B0E2C34B}.Debug|Any CPU.ActiveCfg = Debug|Any CPU
		{54530E37-09FD-49D5-BB36-0CA0B0E2C34B}.Debug|Any CPU.Build.0 = Debug|Any CPU
		{54530E37-09FD-49D5-BB36-0CA0B0E2C34B}.Release|Any CPU.ActiveCfg = Release|Any CPU
		{54530E37-09FD-49D5-BB36-0CA0B0E2C34B}.Release|Any CPU.Build.0 = Release|Any CPU
	EndGlobalSection
	GlobalSection(SolutionProperties) = preSolution
		HideSolutionNode = FALSE
	EndGlobalSection
	GlobalSection(ExtensibilityGlobals) = postSolution
		SolutionGuid = {AA185376-BCF1-4D78-B209-45185D0F1E13}
	EndGlobalSection
EndGlobal
